PODS:
  - AFNetworking (1.1.0)
  - Expecta (0.2.1)
  - RestKit (0.20.0-rc1):
    - RestKit/Core
  - RestKit/Core (0.20.0-rc1):
    - RestKit/CoreData
    - RestKit/Network
    - RestKit/ObjectMapping
  - RestKit/CoreData (0.20.0-rc1)
  - RestKit/Network (0.20.0-rc1):
    - AFNetworking (= 1.1.0)
    - RestKit/ObjectMapping
    - RestKit/Support
    - SOCKit
  - RestKit/ObjectMapping (0.20.0-rc1)
  - RestKit/Search (0.20.0-rc1):
    - RestKit/CoreData
  - RestKit/Support (0.20.0-rc1)
  - RestKit/Testing (0.20.0-rc1)
  - SOCKit (1.1)

DEPENDENCIES:
  - Expecta (= 0.2.1)
  - RestKit (~> 0.20.0rc)
  - RestKit/Search (~> 0.20.0rc)
  - RestKit/Testing (~> 0.20.0rc)

SPEC CHECKSUMS:
  AFNetworking: 761a418233d280c1e0580bcb76ff9cb4c3073d17
  Expecta: d46fb1bd78c90a83da0158b9b1e108de106e369f
  RestKit: f74b2384e8a3f28942d79c84c453815e3d25a3db
  SOCKit: ed67aeeca4a697b63a933229e53f4670d5b9300f

COCOAPODS: 0.20.2
